
Microsoft Visual Studio Solution File, Format Version 12.00
# Visual Studio Version 17
VisualStudioVersion = 17.2.32616.157
MinimumVisualStudioVersion = 10.0.40219.1
Project("{9A19103F-16F7-4668-BE54-9A1E7A4F7556}") = "Business", "Business\Business.csproj", "{19A03DCD-BCAF-4A62-A5EC-561F085A651C}"
EndProject
Project("{9A19103F-16F7-4668-BE54-9A1E7A4F7556}") = "Core", "Core\Core.csproj", "{5706DB24-20C9-453A-A797-9C02220C5687}"
EndProject
Project("{9A19103F-16F7-4668-BE54-9A1E7A4F7556}") = "DataAccess", "DataAccess\DataAccess.csproj", "{21869E95-5848-43A6-AA16-BEF1A0D3B7E0}"
EndProject
Project("{9A19103F-16F7-4668-BE54-9A1E7A4F7556}") = "Entities", "Entities\Entities.csproj", "{F1263B3A-B0A7-440A-B397-711B1AB52922}"
EndProject
Project("{9A19103F-16F7-4668-BE54-9A1E7A4F7556}") = "WebApi", "WebApi\WebApi.csproj", "{CE00AB3A-057F-4684-95F5-74F52570148B}"
EndProject
Global
	GlobalSection(SolutionConfigurationPlatforms) = preSolution
		Debug|Any CPU = Debug|Any CPU
		Release|Any CPU = Release|Any CPU
	EndGlobalSection
	GlobalSection(ProjectConfigurationPlatforms) = postSolution
		{19A03DCD-BCAF-4A62-A5EC-561F085A651C}.Debug|Any CPU.ActiveCfg = Debug|Any CPU
		{19A03DCD-BCAF-4A62-A5EC-561F085A651C}.Debug|Any CPU.Build.0 = Debug|Any CPU
		{19A03DCD-BCAF-4A62-A5EC-561F085A651C}.Release|Any CPU.ActiveCfg = Release|Any CPU
		{19A03DCD-BCAF-4A62-A5EC-561F085A651C}.Release|Any CPU.Build.0 = Release|Any CPU
		{5706DB24-20C9-453A-A797-9C02220C5687}.Debug|Any CPU.ActiveCfg = Debug|Any CPU
		{5706DB24-20C9-453A-A797-9C02220C5687}.Debug|Any CPU.Build.0 = Debug|Any CPU
		{5706DB24-20C9-453A-A797-9C02220C5687}.Release|Any CPU.ActiveCfg = Release|Any CPU
		{5706DB24-20C9-453A-A797-9C02220C5687}.Release|Any CPU.Build.0 = Release|Any CPU
		{21869E95-5848-43A6-AA16-BEF1A0D3B7E0}.Debug|Any CPU.ActiveCfg = Debug|Any CPU
		{21869E95-5848-43A6-AA16-BEF1A0D3B7E0}.Debug|Any CPU.Build.0 = Debug|Any CPU
		{21869E95-5848-43A6-AA16-BEF1A0D3B7E0}.Release|Any CPU.ActiveCfg = Release|Any CPU
		{21869E95-5848-43A6-AA16-BEF1A0D3B7E0}.Release|Any CPU.Build.0 = Release|Any CPU
		{F1263B3A-B0A7-440A-B397-711B1AB52922}.Debug|Any CPU.ActiveCfg = Debug|Any CPU
		{F1263B3A-B0A7-440A-B397-711B1AB52922}.Debug|Any CPU.Build.0 = Debug|Any CPU
		{F1263B3A-B0A7-440A-B397-711B1AB52922}.Release|Any CPU.ActiveCfg = Release|Any CPU
		{F1263B3A-B0A7-440A-B397-711B1AB52922}.Release|Any CPU.Build.0 = Release|Any CPU
		{CE00AB3A-057F-4684-95F5-74F52570148B}.Debug|Any CPU.ActiveCfg = Debug|Any CPU
		{CE00AB3A-057F-4684-95F5-74F52570148B}.Debug|Any CPU.Build.0 = Debug|Any CPU
		{CE00AB3A-057F-4684-95F5-74F52570148B}.Release|Any CPU.ActiveCfg = Release|Any CPU
		{CE00AB3A-057F-4684-95F5-74F52570148B}.Release|Any CPU.Build.0 = Release|Any CPU
	EndGlobalSection
	GlobalSection(SolutionProperties) = preSolution
		HideSolutionNode = FALSE
	EndGlobalSection
	GlobalSection(ExtensibilityGlobals) = postSolution
		SolutionGuid = {4ABA05E2-71BB-4D35-8730-3DD7B4E81E3B}
	EndGlobalSection
EndGlobal
